
Microsoft Visual Studio Solution File, Format Version 12.00
# Visual Studio Version 17
VisualStudioVersion = 17.6.33723.286
MinimumVisualStudioVersion = 10.0.40219.1
Project("{9A19103F-16F7-4668-BE54-9A1E7A4F7556}") = "JavascriptSamples", "JavascriptSamples.csproj", "{9066AD02-E133-4B97-9823-51E58103D5CD}"
EndProject
Global
	GlobalSection(SolutionConfigurationPlatforms) = preSolution
		Debug|Any CPU = Debug|Any CPU
		Release|Any CPU = Release|Any CPU
	EndGlobalSection
	GlobalSection(ProjectConfigurationPlatforms) = postSolution
		{9066AD02-E133-4B97-9823-51E58103D5CD}.Debug|Any CPU.ActiveCfg = Debug|Any CPU
		{9066AD02-E133-4B97-9823-51E58103D5CD}.Debug|Any CPU.Build.0 = Debug|Any CPU
		{9066AD02-E133-4B97-9823-51E58103D5CD}.Release|Any CPU.ActiveCfg = Release|Any CPU
		{9066AD02-E133-4B97-9823-51E58103D5CD}.Release|Any CPU.Build.0 = Release|Any CPU
	EndGlobalSection
	GlobalSection(SolutionProperties) = preSolution
		HideSolutionNode = FALSE
	EndGlobalSection
	GlobalSection(ExtensibilityGlobals) = postSolution
		SolutionGuid = {ECCF012C-00E3-4908-B514-373864EA06C3}
	EndGlobalSection
EndGlobal
